// !$*UTF8*$!
{
	archiveVersion = 1;
	classes = {
	};
	objectVersion = 51;
	objects = {

/* Begin PBXBuildFile section */
		147D04ECB3B6E56F5EAFE7F0 /* Pods_StayHomeTests.framework in Frameworks */ = {isa = PBXBuildFile; fileRef = 23A20E6A1428F13E5D0060F5 /* Pods_StayHomeTests.framework */; };
		1C14F27C243253A5009BB5E5 /* RemoteConfigProvider.swift in Sources */ = {isa = PBXBuildFile; fileRef = 1C14F27B243253A5009BB5E5 /* RemoteConfigProvider.swift */; };
		1C27D9202428C825005E8801 /* Lato-Bold.ttf in Resources */ = {isa = PBXBuildFile; fileRef = 1C27D90E2428C814005E8801 /* Lato-Bold.ttf */; };
		1C27D9252428C825005E8801 /* Lato-Medium.ttf in Resources */ = {isa = PBXBuildFile; fileRef = 1C27D9132428C819005E8801 /* Lato-Medium.ttf */; };
		1C27D92D2428C825005E8801 /* Lato-Thin.ttf in Resources */ = {isa = PBXBuildFile; fileRef = 1C27D91B2428C821005E8801 /* Lato-Thin.ttf */; };
		1C27D92F2428C825005E8801 /* Lato-Light.ttf in Resources */ = {isa = PBXBuildFile; fileRef = 1C27D91D2428C823005E8801 /* Lato-Light.ttf */; };
		1C27D9312428C825005E8801 /* Lato-Hairline.ttf in Resources */ = {isa = PBXBuildFile; fileRef = 1C27D91F2428C825005E8801 /* Lato-Hairline.ttf */; };
		1C27D9332428C8F5005E8801 /* Font.swift in Sources */ = {isa = PBXBuildFile; fileRef = 1C27D9322428C8F5005E8801 /* Font.swift */; };
		1C27D9352428D82D005E8801 /* TabView.swift in Sources */ = {isa = PBXBuildFile; fileRef = 1C27D9342428D82D005E8801 /* TabView.swift */; };
		1C27D9372428D837005E8801 /* TabView.xib in Resources */ = {isa = PBXBuildFile; fileRef = 1C27D9362428D837005E8801 /* TabView.xib */; };
		1C27D9392428D85A005E8801 /* NibView.swift in Sources */ = {isa = PBXBuildFile; fileRef = 1C27D9382428D85A005E8801 /* NibView.swift */; };
		1C27D955242904AB005E8801 /* RankingCell.swift in Sources */ = {isa = PBXBuildFile; fileRef = 1C27D953242904AB005E8801 /* RankingCell.swift */; };
		1C27D956242904AB005E8801 /* RankingCell.xib in Resources */ = {isa = PBXBuildFile; fileRef = 1C27D954242904AB005E8801 /* RankingCell.xib */; };
		1C27D960242914D4005E8801 /* AddFriendVC.swift in Sources */ = {isa = PBXBuildFile; fileRef = 1C27D95E242914D4005E8801 /* AddFriendVC.swift */; };
		1C27D961242914D4005E8801 /* AddFriendVC.xib in Resources */ = {isa = PBXBuildFile; fileRef = 1C27D95F242914D4005E8801 /* AddFriendVC.xib */; };
		1C27D9642429182F005E8801 /* LazyAnimalCell.swift in Sources */ = {isa = PBXBuildFile; fileRef = 1C27D9622429182F005E8801 /* LazyAnimalCell.swift */; };
		1C27D9652429182F005E8801 /* LazyAnimalCell.xib in Resources */ = {isa = PBXBuildFile; fileRef = 1C27D9632429182F005E8801 /* LazyAnimalCell.xib */; };
		1C27D9672429198F005E8801 /* UIImageExtension.swift in Sources */ = {isa = PBXBuildFile; fileRef = 1C27D9662429198F005E8801 /* UIImageExtension.swift */; };
		1C27D9692429319C005E8801 /* NavigationC.swift in Sources */ = {isa = PBXBuildFile; fileRef = 1C27D9682429319C005E8801 /* NavigationC.swift */; };
		1C27D97524296276005E8801 /* Common.swift in Sources */ = {isa = PBXBuildFile; fileRef = 1C27D97424296276005E8801 /* Common.swift */; };
		1C27D97824296351005E8801 /* AnimalView.swift in Sources */ = {isa = PBXBuildFile; fileRef = 1C27D97624296351005E8801 /* AnimalView.swift */; };
		1C27D97924296351005E8801 /* AnimalView.xib in Resources */ = {isa = PBXBuildFile; fileRef = 1C27D97724296351005E8801 /* AnimalView.xib */; };
		1C36154F242FB73C00D51A25 /* OnboardingVC.swift in Sources */ = {isa = PBXBuildFile; fileRef = 1C36154D242FB73C00D51A25 /* OnboardingVC.swift */; };
		1C361550242FB73C00D51A25 /* OnboardingVC.xib in Resources */ = {isa = PBXBuildFile; fileRef = 1C36154E242FB73C00D51A25 /* OnboardingVC.xib */; };
		1C361552242FF5BA00D51A25 /* TextPresenter.swift in Sources */ = {isa = PBXBuildFile; fileRef = 1C361551242FF5BA00D51A25 /* TextPresenter.swift */; };
		1C3615542430AA2600D51A25 /* LazyButton.swift in Sources */ = {isa = PBXBuildFile; fileRef = 1C3615532430AA2600D51A25 /* LazyButton.swift */; };
		1C3615562430ED5E00D51A25 /* RoundView.swift in Sources */ = {isa = PBXBuildFile; fileRef = 1C3615552430ED5E00D51A25 /* RoundView.swift */; };
		1C361559243101BB00D51A25 /* ChallengeVC.swift in Sources */ = {isa = PBXBuildFile; fileRef = 1C361557243101BB00D51A25 /* ChallengeVC.swift */; };
		1C36155A243101BB00D51A25 /* ChallengeVC.xib in Resources */ = {isa = PBXBuildFile; fileRef = 1C361558243101BB00D51A25 /* ChallengeVC.xib */; };
		1C36155C243139F400D51A25 /* GoogleService-Info.plist in Resources */ = {isa = PBXBuildFile; fileRef = 1C36155B243139F400D51A25 /* GoogleService-Info.plist */; };
		1C5BD73C242A3E46009C0A76 /* BarView.swift in Sources */ = {isa = PBXBuildFile; fileRef = 1C5BD73B242A3E46009C0A76 /* BarView.swift */; };
		1C5BD73E242A474E009C0A76 /* ScreenshotProvider.swift in Sources */ = {isa = PBXBuildFile; fileRef = 1C5BD73D242A474E009C0A76 /* ScreenshotProvider.swift */; };
		1C5BD740242A486B009C0A76 /* ShareView.swift in Sources */ = {isa = PBXBuildFile; fileRef = 1C5BD73F242A486B009C0A76 /* ShareView.swift */; };
		1C765DD0242A01A50062E412 /* LazyModel.swift in Sources */ = {isa = PBXBuildFile; fileRef = 1C765DCF242A01A50062E412 /* LazyModel.swift */; };
		1C765DD6242A0DEB0062E412 /* UserData.swift in Sources */ = {isa = PBXBuildFile; fileRef = 1C765DD5242A0DEB0062E412 /* UserData.swift */; };
		1C765DD8242A0F9C0062E412 /* AlertProvider.swift in Sources */ = {isa = PBXBuildFile; fileRef = 1C765DD7242A0F9C0062E412 /* AlertProvider.swift */; };
		1C765DDA242A100A0062E412 /* ErrorHandling.swift in Sources */ = {isa = PBXBuildFile; fileRef = 1C765DD9242A100A0062E412 /* ErrorHandling.swift */; };
		1C7828C22427BBB400DB2CFC /* AppDelegate.swift in Sources */ = {isa = PBXBuildFile; fileRef = 1C7828C12427BBB400DB2CFC /* AppDelegate.swift */; };
		1C7828CB2427BBB600DB2CFC /* Assets.xcassets in Resources */ = {isa = PBXBuildFile; fileRef = 1C7828CA2427BBB600DB2CFC /* Assets.xcassets */; };
		1C7828CE2427BBB600DB2CFC /* LaunchScreen.storyboard in Resources */ = {isa = PBXBuildFile; fileRef = 1C7828CC2427BBB600DB2CFC /* LaunchScreen.storyboard */; };
		1C7828D92427BBB600DB2CFC /* StayHomeTests.swift in Sources */ = {isa = PBXBuildFile; fileRef = 1C7828D82427BBB600DB2CFC /* StayHomeTests.swift */; };
		1C7828E42427BBB600DB2CFC /* StayHomeUITests.swift in Sources */ = {isa = PBXBuildFile; fileRef = 1C7828E32427BBB600DB2CFC /* StayHomeUITests.swift */; };
		1C7828F42427BBDD00DB2CFC /* HealthKit.framework in Frameworks */ = {isa = PBXBuildFile; fileRef = 1C7828F32427BBDD00DB2CFC /* HealthKit.framework */; };
		1C7828F72427BC2600DB2CFC /* HomeVC.swift in Sources */ = {isa = PBXBuildFile; fileRef = 1C7828F52427BC2600DB2CFC /* HomeVC.swift */; };
		1C7828F82427BC2600DB2CFC /* HomeVC.xib in Resources */ = {isa = PBXBuildFile; fileRef = 1C7828F62427BC2600DB2CFC /* HomeVC.xib */; };
		1C8385E1242D4B300036B573 /* DateExtension.swift in Sources */ = {isa = PBXBuildFile; fileRef = 1C8385E0242D4B300036B573 /* DateExtension.swift */; };
		1C883AF82427CAD6003FF481 /* CounterView.swift in Sources */ = {isa = PBXBuildFile; fileRef = 1C883AF72427CAD5003FF481 /* CounterView.swift */; };
		1C883AFA2427CAF2003FF481 /* CounterLabel.swift in Sources */ = {isa = PBXBuildFile; fileRef = 1C883AF92427CAF2003FF481 /* CounterLabel.swift */; };
		1C883AFC2427CB3F003FF481 /* Extension.swift in Sources */ = {isa = PBXBuildFile; fileRef = 1C883AFB2427CB3F003FF481 /* Extension.swift */; };
		1CA223CC2427E15900F8A674 /* FirestoreProvider.swift in Sources */ = {isa = PBXBuildFile; fileRef = 1CA223CB2427E15900F8A674 /* FirestoreProvider.swift */; };
		1CA223CE2427E59600F8A674 /* StoreProvider.swift in Sources */ = {isa = PBXBuildFile; fileRef = 1CA223CD2427E59600F8A674 /* StoreProvider.swift */; };
		1CA223D02427EAAE00F8A674 /* KeyboardProvider.swift in Sources */ = {isa = PBXBuildFile; fileRef = 1CA223CF2427EAAE00F8A674 /* KeyboardProvider.swift */; };
		1CA223D22427EE8100F8A674 /* HealthProvider.swift in Sources */ = {isa = PBXBuildFile; fileRef = 1CA223D12427EE8100F8A674 /* HealthProvider.swift */; };
		1CA223D524280C5500F8A674 /* FriendsListVC.swift in Sources */ = {isa = PBXBuildFile; fileRef = 1CA223D324280C5500F8A674 /* FriendsListVC.swift */; };
		1CA223D624280C5500F8A674 /* FriendsListVC.xib in Resources */ = {isa = PBXBuildFile; fileRef = 1CA223D424280C5500F8A674 /* FriendsListVC.xib */; };
		1CA223D824280DC300F8A674 /* Model.swift in Sources */ = {isa = PBXBuildFile; fileRef = 1CA223D724280DC300F8A674 /* Model.swift */; };
		1CA223DB2428137C00F8A674 /* RankingVC.swift in Sources */ = {isa = PBXBuildFile; fileRef = 1CA223D92428137C00F8A674 /* RankingVC.swift */; };
		1CA223DC2428137C00F8A674 /* RankingVC.xib in Resources */ = {isa = PBXBuildFile; fileRef = 1CA223DA2428137C00F8A674 /* RankingVC.xib */; };
		1CCB59A0242B9F5C00174958 /* ExpandableView.xib in Resources */ = {isa = PBXBuildFile; fileRef = 1CCB599E242B9F5C00174958 /* ExpandableView.xib */; };
		1CCB59A4242BB32600174958 /* ExpandableView.swift in Sources */ = {isa = PBXBuildFile; fileRef = 1CCB59A3242BB32600174958 /* ExpandableView.swift */; };
		1CCB59AA242BB52500174958 /* PlayerVC.swift in Sources */ = {isa = PBXBuildFile; fileRef = 1CCB59A8242BB52500174958 /* PlayerVC.swift */; };
		1CCB59AB242BB52500174958 /* PlayerVC.xib in Resources */ = {isa = PBXBuildFile; fileRef = 1CCB59A9242BB52500174958 /* PlayerVC.xib */; };
		34663584D125F4D18A6675CD /* Pods_StayHome.framework in Frameworks */ = {isa = PBXBuildFile; fileRef = 722E344D5BFF484FFCA21133 /* Pods_StayHome.framework */; };
		76A5E62B9B9B1CC8D1FDC870 /* Pods_StayHome_StayHomeUITests.framework in Frameworks */ = {isa = PBXBuildFile; fileRef = D3832B7667E1D69E7C92A487 /* Pods_StayHome_StayHomeUITests.framework */; };
/* End PBXBuildFile section */

/* Begin PBXContainerItemProxy section */
		1C7828D52427BBB600DB2CFC /* PBXContainerItemProxy */ = {
			isa = PBXContainerItemProxy;
			containerPortal = 1C7828B62427BBB400DB2CFC /* Project object */;
			proxyType = 1;
			remoteGlobalIDString = 1C7828BD2427BBB400DB2CFC;
			remoteInfo = StayHome;
		};
		1C7828E02427BBB600DB2CFC /* PBXContainerItemProxy */ = {
			isa = PBXContainerItemProxy;
			containerPortal = 1C7828B62427BBB400DB2CFC /* Project object */;
			proxyType = 1;
			remoteGlobalIDString = 1C7828BD2427BBB400DB2CFC;
			remoteInfo = StayHome;
		};
/* End PBXContainerItemProxy section */

/* Begin PBXFileReference section */
		03605E20500F3C2E02183D4D /* Pods-StayHomeTests.debug.xcconfig */ = {isa = PBXFileReference; includeInIndex = 1; lastKnownFileType = text.xcconfig; name = "Pods-StayHomeTests.debug.xcconfig"; path = "Target Support Files/Pods-StayHomeTests/Pods-StayHomeTests.debug.xcconfig"; sourceTree = "<group>"; };
		1C14F27B243253A5009BB5E5 /* RemoteConfigProvider.swift */ = {isa = PBXFileReference; lastKnownFileType = sourcecode.swift; path = RemoteConfigProvider.swift; sourceTree = "<group>"; };
		1C27D90E2428C814005E8801 /* Lato-Bold.ttf */ = {isa = PBXFileReference; lastKnownFileType = file; path = "Lato-Bold.ttf"; sourceTree = "<group>"; };
		1C27D9132428C819005E8801 /* Lato-Medium.ttf */ = {isa = PBXFileReference; lastKnownFileType = file; path = "Lato-Medium.ttf"; sourceTree = "<group>"; };
		1C27D91B2428C821005E8801 /* Lato-Thin.ttf */ = {isa = PBXFileReference; lastKnownFileType = file; path = "Lato-Thin.ttf"; sourceTree = "<group>"; };
		1C27D91D2428C823005E8801 /* Lato-Light.ttf */ = {isa = PBXFileReference; lastKnownFileType = file; path = "Lato-Light.ttf"; sourceTree = "<group>"; };
		1C27D91F2428C825005E8801 /* Lato-Hairline.ttf */ = {isa = PBXFileReference; lastKnownFileType = file; path = "Lato-Hairline.ttf"; sourceTree = "<group>"; };
		1C27D9322428C8F5005E8801 /* Font.swift */ = {isa = PBXFileReference; lastKnownFileType = sourcecode.swift; path = Font.swift; sourceTree = "<group>"; };
		1C27D9342428D82D005E8801 /* TabView.swift */ = {isa = PBXFileReference; lastKnownFileType = sourcecode.swift; path = TabView.swift; sourceTree = "<group>"; };
		1C27D9362428D837005E8801 /* TabView.xib */ = {isa = PBXFileReference; lastKnownFileType = file.xib; path = TabView.xib; sourceTree = "<group>"; };
		1C27D9382428D85A005E8801 /* NibView.swift */ = {isa = PBXFileReference; lastKnownFileType = sourcecode.swift; path = NibView.swift; sourceTree = "<group>"; };
		1C27D953242904AB005E8801 /* RankingCell.swift */ = {isa = PBXFileReference; lastKnownFileType = sourcecode.swift; path = RankingCell.swift; sourceTree = "<group>"; };
		1C27D954242904AB005E8801 /* RankingCell.xib */ = {isa = PBXFileReference; lastKnownFileType = file.xib; path = RankingCell.xib; sourceTree = "<group>"; };
		1C27D95E242914D4005E8801 /* AddFriendVC.swift */ = {isa = PBXFileReference; lastKnownFileType = sourcecode.swift; path = AddFriendVC.swift; sourceTree = "<group>"; };
		1C27D95F242914D4005E8801 /* AddFriendVC.xib */ = {isa = PBXFileReference; lastKnownFileType = file.xib; path = AddFriendVC.xib; sourceTree = "<group>"; };
		1C27D9622429182F005E8801 /* LazyAnimalCell.swift */ = {isa = PBXFileReference; lastKnownFileType = sourcecode.swift; path = LazyAnimalCell.swift; sourceTree = "<group>"; };
		1C27D9632429182F005E8801 /* LazyAnimalCell.xib */ = {isa = PBXFileReference; lastKnownFileType = file.xib; path = LazyAnimalCell.xib; sourceTree = "<group>"; };
		1C27D9662429198F005E8801 /* UIImageExtension.swift */ = {isa = PBXFileReference; lastKnownFileType = sourcecode.swift; path = UIImageExtension.swift; sourceTree = "<group>"; };
		1C27D9682429319C005E8801 /* NavigationC.swift */ = {isa = PBXFileReference; lastKnownFileType = sourcecode.swift; path = NavigationC.swift; sourceTree = "<group>"; };
		1C27D97424296276005E8801 /* Common.swift */ = {isa = PBXFileReference; lastKnownFileType = sourcecode.swift; path = Common.swift; sourceTree = "<group>"; };
		1C27D97624296351005E8801 /* AnimalView.swift */ = {isa = PBXFileReference; lastKnownFileType = sourcecode.swift; path = AnimalView.swift; sourceTree = "<group>"; };
		1C27D97724296351005E8801 /* AnimalView.xib */ = {isa = PBXFileReference; lastKnownFileType = file.xib; path = AnimalView.xib; sourceTree = "<group>"; };
		1C36154D242FB73C00D51A25 /* OnboardingVC.swift */ = {isa = PBXFileReference; lastKnownFileType = sourcecode.swift; path = OnboardingVC.swift; sourceTree = "<group>"; };
		1C36154E242FB73C00D51A25 /* OnboardingVC.xib */ = {isa = PBXFileReference; lastKnownFileType = file.xib; path = OnboardingVC.xib; sourceTree = "<group>"; };
		1C361551242FF5BA00D51A25 /* TextPresenter.swift */ = {isa = PBXFileReference; lastKnownFileType = sourcecode.swift; path = TextPresenter.swift; sourceTree = "<group>"; };
		1C3615532430AA2600D51A25 /* LazyButton.swift */ = {isa = PBXFileReference; lastKnownFileType = sourcecode.swift; path = LazyButton.swift; sourceTree = "<group>"; };
		1C3615552430ED5E00D51A25 /* RoundView.swift */ = {isa = PBXFileReference; lastKnownFileType = sourcecode.swift; path = RoundView.swift; sourceTree = "<group>"; };
		1C361557243101BB00D51A25 /* ChallengeVC.swift */ = {isa = PBXFileReference; lastKnownFileType = sourcecode.swift; path = ChallengeVC.swift; sourceTree = "<group>"; };
		1C361558243101BB00D51A25 /* ChallengeVC.xib */ = {isa = PBXFileReference; lastKnownFileType = file.xib; path = ChallengeVC.xib; sourceTree = "<group>"; };
		1C36155B243139F400D51A25 /* GoogleService-Info.plist */ = {isa = PBXFileReference; fileEncoding = 4; lastKnownFileType = text.plist.xml; path = "GoogleService-Info.plist"; sourceTree = "<group>"; };
		1C5BD73B242A3E46009C0A76 /* BarView.swift */ = {isa = PBXFileReference; lastKnownFileType = sourcecode.swift; path = BarView.swift; sourceTree = "<group>"; };
		1C5BD73D242A474E009C0A76 /* ScreenshotProvider.swift */ = {isa = PBXFileReference; lastKnownFileType = sourcecode.swift; path = ScreenshotProvider.swift; sourceTree = "<group>"; };
		1C5BD73F242A486B009C0A76 /* ShareView.swift */ = {isa = PBXFileReference; lastKnownFileType = sourcecode.swift; path = ShareView.swift; sourceTree = "<group>"; };
		1C765DCF242A01A50062E412 /* LazyModel.swift */ = {isa = PBXFileReference; lastKnownFileType = sourcecode.swift; path = LazyModel.swift; sourceTree = "<group>"; };
		1C765DD5242A0DEB0062E412 /* UserData.swift */ = {isa = PBXFileReference; lastKnownFileType = sourcecode.swift; path = UserData.swift; sourceTree = "<group>"; };
		1C765DD7242A0F9C0062E412 /* AlertProvider.swift */ = {isa = PBXFileReference; lastKnownFileType = sourcecode.swift; path = AlertProvider.swift; sourceTree = "<group>"; };
		1C765DD9242A100A0062E412 /* ErrorHandling.swift */ = {isa = PBXFileReference; lastKnownFileType = sourcecode.swift; path = ErrorHandling.swift; sourceTree = "<group>"; };
		1C7828BE2427BBB400DB2CFC /* LazyApp.app */ = {isa = PBXFileReference; explicitFileType = wrapper.application; includeInIndex = 0; path = LazyApp.app; sourceTree = BUILT_PRODUCTS_DIR; };
		1C7828C12427BBB400DB2CFC /* AppDelegate.swift */ = {isa = PBXFileReference; lastKnownFileType = sourcecode.swift; path = AppDelegate.swift; sourceTree = "<group>"; };
		1C7828CA2427BBB600DB2CFC /* Assets.xcassets */ = {isa = PBXFileReference; lastKnownFileType = folder.assetcatalog; path = Assets.xcassets; sourceTree = "<group>"; };
		1C7828CD2427BBB600DB2CFC /* Base */ = {isa = PBXFileReference; lastKnownFileType = file.storyboard; name = Base; path = Base.lproj/LaunchScreen.storyboard; sourceTree = "<group>"; };
		1C7828CF2427BBB600DB2CFC /* Info.plist */ = {isa = PBXFileReference; lastKnownFileType = text.plist.xml; path = Info.plist; sourceTree = "<group>"; };
		1C7828D42427BBB600DB2CFC /* StayHomeTests.xctest */ = {isa = PBXFileReference; explicitFileType = wrapper.cfbundle; includeInIndex = 0; path = StayHomeTests.xctest; sourceTree = BUILT_PRODUCTS_DIR; };
		1C7828D82427BBB600DB2CFC /* StayHomeTests.swift */ = {isa = PBXFileReference; lastKnownFileType = sourcecode.swift; path = StayHomeTests.swift; sourceTree = "<group>"; };
		1C7828DA2427BBB600DB2CFC /* Info.plist */ = {isa = PBXFileReference; lastKnownFileType = text.plist.xml; path = Info.plist; sourceTree = "<group>"; };
		1C7828DF2427BBB600DB2CFC /* StayHomeUITests.xctest */ = {isa = PBXFileReference; explicitFileType = wrapper.cfbundle; includeInIndex = 0; path = StayHomeUITests.xctest; sourceTree = BUILT_PRODUCTS_DIR; };
		1C7828E32427BBB600DB2CFC /* StayHomeUITests.swift */ = {isa = PBXFileReference; lastKnownFileType = sourcecode.swift; path = StayHomeUITests.swift; sourceTree = "<group>"; };
		1C7828E52427BBB600DB2CFC /* Info.plist */ = {isa = PBXFileReference; lastKnownFileType = text.plist.xml; path = Info.plist; sourceTree = "<group>"; };
		1C7828F12427BBDD00DB2CFC /* StayHome.entitlements */ = {isa = PBXFileReference; lastKnownFileType = text.plist.entitlements; path = StayHome.entitlements; sourceTree = "<group>"; };
		1C7828F32427BBDD00DB2CFC /* HealthKit.framework */ = {isa = PBXFileReference; lastKnownFileType = wrapper.framework; name = HealthKit.framework; path = System/Library/Frameworks/HealthKit.framework; sourceTree = SDKROOT; };
		1C7828F52427BC2600DB2CFC /* HomeVC.swift */ = {isa = PBXFileReference; lastKnownFileType = sourcecode.swift; path = HomeVC.swift; sourceTree = "<group>"; };
		1C7828F62427BC2600DB2CFC /* HomeVC.xib */ = {isa = PBXFileReference; lastKnownFileType = file.xib; path = HomeVC.xib; sourceTree = "<group>"; };
		1C8385E0242D4B300036B573 /* DateExtension.swift */ = {isa = PBXFileReference; lastKnownFileType = sourcecode.swift; path = DateExtension.swift; sourceTree = "<group>"; };
		1C883AF72427CAD5003FF481 /* CounterView.swift */ = {isa = PBXFileReference; lastKnownFileType = sourcecode.swift; path = CounterView.swift; sourceTree = "<group>"; };
		1C883AF92427CAF2003FF481 /* CounterLabel.swift */ = {isa = PBXFileReference; lastKnownFileType = sourcecode.swift; path = CounterLabel.swift; sourceTree = "<group>"; };
		1C883AFB2427CB3F003FF481 /* Extension.swift */ = {isa = PBXFileReference; lastKnownFileType = sourcecode.swift; path = Extension.swift; sourceTree = "<group>"; };
		1CA223CB2427E15900F8A674 /* FirestoreProvider.swift */ = {isa = PBXFileReference; lastKnownFileType = sourcecode.swift; path = FirestoreProvider.swift; sourceTree = "<group>"; };
		1CA223CD2427E59600F8A674 /* StoreProvider.swift */ = {isa = PBXFileReference; lastKnownFileType = sourcecode.swift; path = StoreProvider.swift; sourceTree = "<group>"; };
		1CA223CF2427EAAE00F8A674 /* KeyboardProvider.swift */ = {isa = PBXFileReference; lastKnownFileType = sourcecode.swift; path = KeyboardProvider.swift; sourceTree = "<group>"; };
		1CA223D12427EE8100F8A674 /* HealthProvider.swift */ = {isa = PBXFileReference; lastKnownFileType = sourcecode.swift; path = HealthProvider.swift; sourceTree = "<group>"; };
		1CA223D324280C5500F8A674 /* FriendsListVC.swift */ = {isa = PBXFileReference; lastKnownFileType = sourcecode.swift; path = FriendsListVC.swift; sourceTree = "<group>"; };
		1CA223D424280C5500F8A674 /* FriendsListVC.xib */ = {isa = PBXFileReference; lastKnownFileType = file.xib; path = FriendsListVC.xib; sourceTree = "<group>"; };
		1CA223D724280DC300F8A674 /* Model.swift */ = {isa = PBXFileReference; lastKnownFileType = sourcecode.swift; path = Model.swift; sourceTree = "<group>"; };
		1CA223D92428137C00F8A674 /* RankingVC.swift */ = {isa = PBXFileReference; lastKnownFileType = sourcecode.swift; path = RankingVC.swift; sourceTree = "<group>"; };
		1CA223DA2428137C00F8A674 /* RankingVC.xib */ = {isa = PBXFileReference; lastKnownFileType = file.xib; path = RankingVC.xib; sourceTree = "<group>"; };
		1CCB599E242B9F5C00174958 /* ExpandableView.xib */ = {isa = PBXFileReference; lastKnownFileType = file.xib; path = ExpandableView.xib; sourceTree = "<group>"; };
		1CCB59A3242BB32600174958 /* ExpandableView.swift */ = {isa = PBXFileReference; lastKnownFileType = sourcecode.swift; path = ExpandableView.swift; sourceTree = "<group>"; };
		1CCB59A8242BB52500174958 /* PlayerVC.swift */ = {isa = PBXFileReference; lastKnownFileType = sourcecode.swift; path = PlayerVC.swift; sourceTree = "<group>"; };
		1CCB59A9242BB52500174958 /* PlayerVC.xib */ = {isa = PBXFileReference; lastKnownFileType = file.xib; path = PlayerVC.xib; sourceTree = "<group>"; };
		23A20E6A1428F13E5D0060F5 /* Pods_StayHomeTests.framework */ = {isa = PBXFileReference; explicitFileType = wrapper.framework; includeInIndex = 0; path = Pods_StayHomeTests.framework; sourceTree = BUILT_PRODUCTS_DIR; };
		564017A94920CBF5879698BD /* Pods-StayHome-StayHomeUITests.debug.xcconfig */ = {isa = PBXFileReference; includeInIndex = 1; lastKnownFileType = text.xcconfig; name = "Pods-StayHome-StayHomeUITests.debug.xcconfig"; path = "Target Support Files/Pods-StayHome-StayHomeUITests/Pods-StayHome-StayHomeUITests.debug.xcconfig"; sourceTree = "<group>"; };
		722E344D5BFF484FFCA21133 /* Pods_StayHome.framework */ = {isa = PBXFileReference; explicitFileType = wrapper.framework; includeInIndex = 0; path = Pods_StayHome.framework; sourceTree = BUILT_PRODUCTS_DIR; };
		AFDCD789E1297D9238CAA5DC /* Pods-StayHome.release.xcconfig */ = {isa = PBXFileReference; includeInIndex = 1; lastKnownFileType = text.xcconfig; name = "Pods-StayHome.release.xcconfig"; path = "Target Support Files/Pods-StayHome/Pods-StayHome.release.xcconfig"; sourceTree = "<group>"; };
		B10FE7D209BCE2E915576BBD /* Pods-StayHome.debug.xcconfig */ = {isa = PBXFileReference; includeInIndex = 1; lastKnownFileType = text.xcconfig; name = "Pods-StayHome.debug.xcconfig"; path = "Target Support Files/Pods-StayHome/Pods-StayHome.debug.xcconfig"; sourceTree = "<group>"; };
		C0CC898FD8AA893CE55E1099 /* Pods-StayHomeTests.release.xcconfig */ = {isa = PBXFileReference; includeInIndex = 1; lastKnownFileType = text.xcconfig; name = "Pods-StayHomeTests.release.xcconfig"; path = "Target Support Files/Pods-StayHomeTests/Pods-StayHomeTests.release.xcconfig"; sourceTree = "<group>"; };
		D3832B7667E1D69E7C92A487 /* Pods_StayHome_StayHomeUITests.framework */ = {isa = PBXFileReference; explicitFileType = wrapper.framework; includeInIndex = 0; path = Pods_StayHome_StayHomeUITests.framework; sourceTree = BUILT_PRODUCTS_DIR; };
		DFC181855C6245163CD31597 /* Pods-StayHome-StayHomeUITests.release.xcconfig */ = {isa = PBXFileReference; includeInIndex = 1; lastKnownFileType = text.xcconfig; name = "Pods-StayHome-StayHomeUITests.release.xcconfig"; path = "Target Support Files/Pods-StayHome-StayHomeUITests/Pods-StayHome-StayHomeUITests.release.xcconfig"; sourceTree = "<group>"; };
/* End PBXFileReference section */

/* Begin PBXFrameworksBuildPhase section */
		1C7828BB2427BBB400DB2CFC /* Frameworks */ = {
			isa = PBXFrameworksBuildPhase;
			buildActionMask = 2147483647;
			files = (
				1C7828F42427BBDD00DB2CFC /* HealthKit.framework in Frameworks */,
				34663584D125F4D18A6675CD /* Pods_StayHome.framework in Frameworks */,
			);
			runOnlyForDeploymentPostprocessing = 0;
		};
		1C7828D12427BBB600DB2CFC /* Frameworks */ = {
			isa = PBXFrameworksBuildPhase;
			buildActionMask = 2147483647;
			files = (
				147D04ECB3B6E56F5EAFE7F0 /* Pods_StayHomeTests.framework in Frameworks */,
			);
			runOnlyForDeploymentPostprocessing = 0;
		};
		1C7828DC2427BBB600DB2CFC /* Frameworks */ = {
			isa = PBXFrameworksBuildPhase;
			buildActionMask = 2147483647;
			files = (
				76A5E62B9B9B1CC8D1FDC870 /* Pods_StayHome_StayHomeUITests.framework in Frameworks */,
			);
			runOnlyForDeploymentPostprocessing = 0;
		};
/* End PBXFrameworksBuildPhase section */

/* Begin PBXGroup section */
		1C27D90D2428C7F8005E8801 /* Fonts */ = {
			isa = PBXGroup;
			children = (
				1C27D91F2428C825005E8801 /* Lato-Hairline.ttf */,
				1C27D91D2428C823005E8801 /* Lato-Light.ttf */,
				1C27D9132428C819005E8801 /* Lato-Medium.ttf */,
				1C27D90E2428C814005E8801 /* Lato-Bold.ttf */,
				1C27D91B2428C821005E8801 /* Lato-Thin.ttf */,
			);
			path = Fonts;
			sourceTree = "<group>";
		};
		1C765DD1242A0D7E0062E412 /* Utils */ = {
			isa = PBXGroup;
			children = (
				1C27D9662429198F005E8801 /* UIImageExtension.swift */,
				1C883AFB2427CB3F003FF481 /* Extension.swift */,
				1C8385E0242D4B300036B573 /* DateExtension.swift */,
				1C765DD9242A100A0062E412 /* ErrorHandling.swift */,
				1C27D97424296276005E8801 /* Common.swift */,
				1C27D9322428C8F5005E8801 /* Font.swift */,
				1C27D9382428D85A005E8801 /* NibView.swift */,
				1C765DD5242A0DEB0062E412 /* UserData.swift */,
			);
			path = Utils;
			sourceTree = "<group>";
		};
		1C765DD2242A0DA10062E412 /* Models */ = {
			isa = PBXGroup;
			children = (
				1CA223D724280DC300F8A674 /* Model.swift */,
				1C765DCF242A01A50062E412 /* LazyModel.swift */,
			);
			path = Models;
			sourceTree = "<group>";
		};
		1C765DD3242A0DB00062E412 /* Views */ = {
			isa = PBXGroup;
			children = (
				1C883AF72427CAD5003FF481 /* CounterView.swift */,
				1C883AF92427CAF2003FF481 /* CounterLabel.swift */,
				1C5BD73B242A3E46009C0A76 /* BarView.swift */,
				1C5BD73F242A486B009C0A76 /* ShareView.swift */,
				1C3615552430ED5E00D51A25 /* RoundView.swift */,
				1CCB59A3242BB32600174958 /* ExpandableView.swift */,
				1CCB599E242B9F5C00174958 /* ExpandableView.xib */,
				1C27D9342428D82D005E8801 /* TabView.swift */,
				1C3615532430AA2600D51A25 /* LazyButton.swift */,
				1C27D9362428D837005E8801 /* TabView.xib */,
			);
			path = Views;
			sourceTree = "<group>";
		};
		1C765DD4242A0DBD0062E412 /* Providers */ = {
			isa = PBXGroup;
			children = (
				1CA223CF2427EAAE00F8A674 /* KeyboardProvider.swift */,
				1C5BD73D242A474E009C0A76 /* ScreenshotProvider.swift */,
				1C361551242FF5BA00D51A25 /* TextPresenter.swift */,
				1C765DD7242A0F9C0062E412 /* AlertProvider.swift */,
				1CA223CB2427E15900F8A674 /* FirestoreProvider.swift */,
				1CA223CD2427E59600F8A674 /* StoreProvider.swift */,
				1CA223D12427EE8100F8A674 /* HealthProvider.swift */,
				1C14F27B243253A5009BB5E5 /* RemoteConfigProvider.swift */,
			);
			path = Providers;
			sourceTree = "<group>";
		};
		1C7828B52427BBB400DB2CFC = {
			isa = PBXGroup;
			children = (
				1C7828C02427BBB400DB2CFC /* StayHome */,
				1C7828D72427BBB600DB2CFC /* StayHomeTests */,
				1C7828E22427BBB600DB2CFC /* StayHomeUITests */,
				1C7828BF2427BBB400DB2CFC /* Products */,
				1C7828F22427BBDD00DB2CFC /* Frameworks */,
				A0B32E48E2340615879AFEAA /* Pods */,
			);
			sourceTree = "<group>";
		};
		1C7828BF2427BBB400DB2CFC /* Products */ = {
			isa = PBXGroup;
			children = (
				1C7828BE2427BBB400DB2CFC /* LazyApp.app */,
				1C7828D42427BBB600DB2CFC /* StayHomeTests.xctest */,
				1C7828DF2427BBB600DB2CFC /* StayHomeUITests.xctest */,
			);
			name = Products;
			sourceTree = "<group>";
		};
		1C7828C02427BBB400DB2CFC /* StayHome */ = {
			isa = PBXGroup;
			children = (
				1C7828F12427BBDD00DB2CFC /* StayHome.entitlements */,
				1C36155B243139F400D51A25 /* GoogleService-Info.plist */,
				1C27D90D2428C7F8005E8801 /* Fonts */,
				1C7828C12427BBB400DB2CFC /* AppDelegate.swift */,
				1C27D9682429319C005E8801 /* NavigationC.swift */,
				1C765DD1242A0D7E0062E412 /* Utils */,
				1C765DD2242A0DA10062E412 /* Models */,
				1C765DD3242A0DB00062E412 /* Views */,
				1C765DD4242A0DBD0062E412 /* Providers */,
				1C7828F52427BC2600DB2CFC /* HomeVC.swift */,
				1C7828F62427BC2600DB2CFC /* HomeVC.xib */,
				1C36154D242FB73C00D51A25 /* OnboardingVC.swift */,
				1C36154E242FB73C00D51A25 /* OnboardingVC.xib */,
				1C27D9622429182F005E8801 /* LazyAnimalCell.swift */,
				1C27D9632429182F005E8801 /* LazyAnimalCell.xib */,
				1CCB59A8242BB52500174958 /* PlayerVC.swift */,
				1CCB59A9242BB52500174958 /* PlayerVC.xib */,
				1C27D97624296351005E8801 /* AnimalView.swift */,
				1C27D97724296351005E8801 /* AnimalView.xib */,
				1C361557243101BB00D51A25 /* ChallengeVC.swift */,
				1C361558243101BB00D51A25 /* ChallengeVC.xib */,
				1CA223D324280C5500F8A674 /* FriendsListVC.swift */,
				1CA223D424280C5500F8A674 /* FriendsListVC.xib */,
				1C27D95E242914D4005E8801 /* AddFriendVC.swift */,
				1C27D95F242914D4005E8801 /* AddFriendVC.xib */,
				1CA223D92428137C00F8A674 /* RankingVC.swift */,
				1CA223DA2428137C00F8A674 /* RankingVC.xib */,
				1C27D953242904AB005E8801 /* RankingCell.swift */,
				1C27D954242904AB005E8801 /* RankingCell.xib */,
				1C7828CA2427BBB600DB2CFC /* Assets.xcassets */,
				1C7828CC2427BBB600DB2CFC /* LaunchScreen.storyboard */,
				1C7828CF2427BBB600DB2CFC /* Info.plist */,
			);
			path = StayHome;
			sourceTree = "<group>";
		};
		1C7828D72427BBB600DB2CFC /* StayHomeTests */ = {
			isa = PBXGroup;
			children = (
				1C7828D82427BBB600DB2CFC /* StayHomeTests.swift */,
				1C7828DA2427BBB600DB2CFC /* Info.plist */,
			);
			path = StayHomeTests;
			sourceTree = "<group>";
		};
		1C7828E22427BBB600DB2CFC /* StayHomeUITests */ = {
			isa = PBXGroup;
			children = (
				1C7828E32427BBB600DB2CFC /* StayHomeUITests.swift */,
				1C7828E52427BBB600DB2CFC /* Info.plist */,
			);
			path = StayHomeUITests;
			sourceTree = "<group>";
		};
		1C7828F22427BBDD00DB2CFC /* Frameworks */ = {
			isa = PBXGroup;
			children = (
				1C7828F32427BBDD00DB2CFC /* HealthKit.framework */,
				722E344D5BFF484FFCA21133 /* Pods_StayHome.framework */,
				D3832B7667E1D69E7C92A487 /* Pods_StayHome_StayHomeUITests.framework */,
				23A20E6A1428F13E5D0060F5 /* Pods_StayHomeTests.framework */,
			);
			name = Frameworks;
			sourceTree = "<group>";
		};
		A0B32E48E2340615879AFEAA /* Pods */ = {
			isa = PBXGroup;
			children = (
				B10FE7D209BCE2E915576BBD /* Pods-StayHome.debug.xcconfig */,
				AFDCD789E1297D9238CAA5DC /* Pods-StayHome.release.xcconfig */,
				564017A94920CBF5879698BD /* Pods-StayHome-StayHomeUITests.debug.xcconfig */,
				DFC181855C6245163CD31597 /* Pods-StayHome-StayHomeUITests.release.xcconfig */,
				03605E20500F3C2E02183D4D /* Pods-StayHomeTests.debug.xcconfig */,
				C0CC898FD8AA893CE55E1099 /* Pods-StayHomeTests.release.xcconfig */,
			);
			path = Pods;
			sourceTree = "<group>";
		};
/* End PBXGroup section */

/* Begin PBXNativeTarget section */
		1C7828BD2427BBB400DB2CFC /* StayHome */ = {
			isa = PBXNativeTarget;
			buildConfigurationList = 1C7828E82427BBB600DB2CFC /* Build configuration list for PBXNativeTarget "StayHome" */;
			buildPhases = (
				5B932722D1687BC7BC133EFF /* [CP] Check Pods Manifest.lock */,
				1C7828BA2427BBB400DB2CFC /* Sources */,
				1C7828BB2427BBB400DB2CFC /* Frameworks */,
				1C7828BC2427BBB400DB2CFC /* Resources */,
				C7CE151D642C237A00345A71 /* [CP] Embed Pods Frameworks */,
			);
			buildRules = (
			);
			dependencies = (
			);
			name = StayHome;
			productName = StayHome;
			productReference = 1C7828BE2427BBB400DB2CFC /* LazyApp.app */;
			productType = "com.apple.product-type.application";
		};
		1C7828D32427BBB600DB2CFC /* StayHomeTests */ = {
			isa = PBXNativeTarget;
			buildConfigurationList = 1C7828EB2427BBB600DB2CFC /* Build configuration list for PBXNativeTarget "StayHomeTests" */;
			buildPhases = (
				D9D50B8F6796F80746726731 /* [CP] Check Pods Manifest.lock */,
				1C7828D02427BBB600DB2CFC /* Sources */,
				1C7828D12427BBB600DB2CFC /* Frameworks */,
				1C7828D22427BBB600DB2CFC /* Resources */,
			);
			buildRules = (
			);
			dependencies = (
				1C7828D62427BBB600DB2CFC /* PBXTargetDependency */,
			);
			name = StayHomeTests;
			productName = StayHomeTests;
			productReference = 1C7828D42427BBB600DB2CFC /* StayHomeTests.xctest */;
			productType = "com.apple.product-type.bundle.unit-test";
		};
		1C7828DE2427BBB600DB2CFC /* StayHomeUITests */ = {
			isa = PBXNativeTarget;
			buildConfigurationList = 1C7828EE2427BBB600DB2CFC /* Build configuration list for PBXNativeTarget "StayHomeUITests" */;
			buildPhases = (
				90A6BBA57D89429F7D67AC36 /* [CP] Check Pods Manifest.lock */,
				1C7828DB2427BBB600DB2CFC /* Sources */,
				1C7828DC2427BBB600DB2CFC /* Frameworks */,
				1C7828DD2427BBB600DB2CFC /* Resources */,
				C312C44BD1EEB4099E6E93DA /* [CP] Embed Pods Frameworks */,
			);
			buildRules = (
			);
			dependencies = (
				1C7828E12427BBB600DB2CFC /* PBXTargetDependency */,
			);
			name = StayHomeUITests;
			productName = StayHomeUITests;
			productReference = 1C7828DF2427BBB600DB2CFC /* StayHomeUITests.xctest */;
			productType = "com.apple.product-type.bundle.ui-testing";
		};
/* End PBXNativeTarget section */

/* Begin PBXProject section */
		1C7828B62427BBB400DB2CFC /* Project object */ = {
			isa = PBXProject;
			attributes = {
				LastSwiftUpdateCheck = 1130;
				LastUpgradeCheck = 1130;
				ORGANIZATIONNAME = EC;
				TargetAttributes = {
					1C7828BD2427BBB400DB2CFC = {
						CreatedOnToolsVersion = 11.3.1;
					};
					1C7828D32427BBB600DB2CFC = {
						CreatedOnToolsVersion = 11.3.1;
						TestTargetID = 1C7828BD2427BBB400DB2CFC;
					};
					1C7828DE2427BBB600DB2CFC = {
						CreatedOnToolsVersion = 11.3.1;
						TestTargetID = 1C7828BD2427BBB400DB2CFC;
					};
				};
			};
			buildConfigurationList = 1C7828B92427BBB400DB2CFC /* Build configuration list for PBXProject "StayHome" */;
			compatibilityVersion = "Xcode 9.3";
			developmentRegion = en;
			hasScannedForEncodings = 0;
			knownRegions = (
				en,
				Base,
			);
			mainGroup = 1C7828B52427BBB400DB2CFC;
			productRefGroup = 1C7828BF2427BBB400DB2CFC /* Products */;
			projectDirPath = "";
			projectRoot = "";
			targets = (
				1C7828BD2427BBB400DB2CFC /* StayHome */,
				1C7828D32427BBB600DB2CFC /* StayHomeTests */,
				1C7828DE2427BBB600DB2CFC /* StayHomeUITests */,
			);
		};
/* End PBXProject section */

/* Begin PBXResourcesBuildPhase section */
		1C7828BC2427BBB400DB2CFC /* Resources */ = {
			isa = PBXResourcesBuildPhase;
			buildActionMask = 2147483647;
			files = (
				1C27D9652429182F005E8801 /* LazyAnimalCell.xib in Resources */,
				1C27D97924296351005E8801 /* AnimalView.xib in Resources */,
				1C27D92F2428C825005E8801 /* Lato-Light.ttf in Resources */,
				1C27D9252428C825005E8801 /* Lato-Medium.ttf in Resources */,
				1C27D9202428C825005E8801 /* Lato-Bold.ttf in Resources */,
				1C361550242FB73C00D51A25 /* OnboardingVC.xib in Resources */,
				1CA223D624280C5500F8A674 /* FriendsListVC.xib in Resources */,
				1C36155A243101BB00D51A25 /* ChallengeVC.xib in Resources */,
				1CA223DC2428137C00F8A674 /* RankingVC.xib in Resources */,
				1C7828CE2427BBB600DB2CFC /* LaunchScreen.storyboard in Resources */,
				1C27D9372428D837005E8801 /* TabView.xib in Resources */,
				1C27D9312428C825005E8801 /* Lato-Hairline.ttf in Resources */,
				1CCB59AB242BB52500174958 /* PlayerVC.xib in Resources */,
				1C36155C243139F400D51A25 /* GoogleService-Info.plist in Resources */,
				1C27D961242914D4005E8801 /* AddFriendVC.xib in Resources */,
				1C27D956242904AB005E8801 /* RankingCell.xib in Resources */,
				1C7828CB2427BBB600DB2CFC /* Assets.xcassets in Resources */,
				1CCB59A0242B9F5C00174958 /* ExpandableView.xib in Resources */,
				1C7828F82427BC2600DB2CFC /* HomeVC.xib in Resources */,
				1C27D92D2428C825005E8801 /* Lato-Thin.ttf in Resources */,
			);
			runOnlyForDeploymentPostprocessing = 0;
		};
		1C7828D22427BBB600DB2CFC /* Resources */ = {
			isa = PBXResourcesBuildPhase;
			buildActionMask = 2147483647;
			files = (
			);
			runOnlyForDeploymentPostprocessing = 0;
		};
		1C7828DD2427BBB600DB2CFC /* Resources */ = {
			isa = PBXResourcesBuildPhase;
			buildActionMask = 2147483647;
			files = (
			);
			runOnlyForDeploymentPostprocessing = 0;
		};
/* End PBXResourcesBuildPhase section */

/* Begin PBXShellScriptBuildPhase section */
		5B932722D1687BC7BC133EFF /* [CP] Check Pods Manifest.lock */ = {
			isa = PBXShellScriptBuildPhase;
			buildActionMask = 2147483647;
			files = (
			);
			inputFileListPaths = (
			);
			inputPaths = (
				"${PODS_PODFILE_DIR_PATH}/Podfile.lock",
				"${PODS_ROOT}/Manifest.lock",
			);
			name = "[CP] Check Pods Manifest.lock";
			outputFileListPaths = (
			);
			outputPaths = (
				"$(DERIVED_FILE_DIR)/Pods-StayHome-checkManifestLockResult.txt",
			);
			runOnlyForDeploymentPostprocessing = 0;
			shellPath = /bin/sh;
			shellScript = "diff \"${PODS_PODFILE_DIR_PATH}/Podfile.lock\" \"${PODS_ROOT}/Manifest.lock\" > /dev/null\nif [ $? != 0 ] ; then\n    # print error to STDERR\n    echo \"error: The sandbox is not in sync with the Podfile.lock. Run 'pod install' or update your CocoaPods installation.\" >&2\n    exit 1\nfi\n# This output is used by Xcode 'outputs' to avoid re-running this script phase.\necho \"SUCCESS\" > \"${SCRIPT_OUTPUT_FILE_0}\"\n";
			showEnvVarsInLog = 0;
		};
		90A6BBA57D89429F7D67AC36 /* [CP] Check Pods Manifest.lock */ = {
			isa = PBXShellScriptBuildPhase;
			buildActionMask = 2147483647;
			files = (
			);
			inputFileListPaths = (
			);
			inputPaths = (
				"${PODS_PODFILE_DIR_PATH}/Podfile.lock",
				"${PODS_ROOT}/Manifest.lock",
			);
			name = "[CP] Check Pods Manifest.lock";
			outputFileListPaths = (
			);
			outputPaths = (
				"$(DERIVED_FILE_DIR)/Pods-StayHome-StayHomeUITests-checkManifestLockResult.txt",
			);
			runOnlyForDeploymentPostprocessing = 0;
			shellPath = /bin/sh;
			shellScript = "diff \"${PODS_PODFILE_DIR_PATH}/Podfile.lock\" \"${PODS_ROOT}/Manifest.lock\" > /dev/null\nif [ $? != 0 ] ; then\n    # print error to STDERR\n    echo \"error: The sandbox is not in sync with the Podfile.lock. Run 'pod install' or update your CocoaPods installation.\" >&2\n    exit 1\nfi\n# This output is used by Xcode 'outputs' to avoid re-running this script phase.\necho \"SUCCESS\" > \"${SCRIPT_OUTPUT_FILE_0}\"\n";
			showEnvVarsInLog = 0;
		};
		C312C44BD1EEB4099E6E93DA /* [CP] Embed Pods Frameworks */ = {
			isa = PBXShellScriptBuildPhase;
			buildActionMask = 2147483647;
			files = (
			);
			inputFileListPaths = (
				"${PODS_ROOT}/Target Support Files/Pods-StayHome-StayHomeUITests/Pods-StayHome-StayHomeUITests-frameworks-${CONFIGURATION}-input-files.xcfilelist",
			);
			name = "[CP] Embed Pods Frameworks";
			outputFileListPaths = (
				"${PODS_ROOT}/Target Support Files/Pods-StayHome-StayHomeUITests/Pods-StayHome-StayHomeUITests-frameworks-${CONFIGURATION}-output-files.xcfilelist",
			);
			runOnlyForDeploymentPostprocessing = 0;
			shellPath = /bin/sh;
			shellScript = "\"${PODS_ROOT}/Target Support Files/Pods-StayHome-StayHomeUITests/Pods-StayHome-StayHomeUITests-frameworks.sh\"\n";
			showEnvVarsInLog = 0;
		};
		C7CE151D642C237A00345A71 /* [CP] Embed Pods Frameworks */ = {
			isa = PBXShellScriptBuildPhase;
			buildActionMask = 2147483647;
			files = (
			);
			inputFileListPaths = (
				"${PODS_ROOT}/Target Support Files/Pods-StayHome/Pods-StayHome-frameworks-${CONFIGURATION}-input-files.xcfilelist",
			);
			name = "[CP] Embed Pods Frameworks";
			outputFileListPaths = (
				"${PODS_ROOT}/Target Support Files/Pods-StayHome/Pods-StayHome-frameworks-${CONFIGURATION}-output-files.xcfilelist",
			);
			runOnlyForDeploymentPostprocessing = 0;
			shellPath = /bin/sh;
			shellScript = "\"${PODS_ROOT}/Target Support Files/Pods-StayHome/Pods-StayHome-frameworks.sh\"\n";
			showEnvVarsInLog = 0;
		};
		D9D50B8F6796F80746726731 /* [CP] Check Pods Manifest.lock */ = {
			isa = PBXShellScriptBuildPhase;
			buildActionMask = 2147483647;
			files = (
			);
			inputFileListPaths = (
			);
			inputPaths = (
				"${PODS_PODFILE_DIR_PATH}/Podfile.lock",
				"${PODS_ROOT}/Manifest.lock",
			);
			name = "[CP] Check Pods Manifest.lock";
			outputFileListPaths = (
			);
			outputPaths = (
				"$(DERIVED_FILE_DIR)/Pods-StayHomeTests-checkManifestLockResult.txt",
			);
			runOnlyForDeploymentPostprocessing = 0;
			shellPath = /bin/sh;
			shellScript = "diff \"${PODS_PODFILE_DIR_PATH}/Podfile.lock\" \"${PODS_ROOT}/Manifest.lock\" > /dev/null\nif [ $? != 0 ] ; then\n    # print error to STDERR\n    echo \"error: The sandbox is not in sync with the Podfile.lock. Run 'pod install' or update your CocoaPods installation.\" >&2\n    exit 1\nfi\n# This output is used by Xcode 'outputs' to avoid re-running this script phase.\necho \"SUCCESS\" > \"${SCRIPT_OUTPUT_FILE_0}\"\n";
			showEnvVarsInLog = 0;
		};
/* End PBXShellScriptBuildPhase section */

/* Begin PBXSourcesBuildPhase section */
		1C7828BA2427BBB400DB2CFC /* Sources */ = {
			isa = PBXSourcesBuildPhase;
			buildActionMask = 2147483647;
			files = (
				1C883AF82427CAD6003FF481 /* CounterView.swift in Sources */,
				1C7828C22427BBB400DB2CFC /* AppDelegate.swift in Sources */,
				1C3615542430AA2600D51A25 /* LazyButton.swift in Sources */,
				1C27D9352428D82D005E8801 /* TabView.swift in Sources */,
				1C27D9672429198F005E8801 /* UIImageExtension.swift in Sources */,
				1CA223D824280DC300F8A674 /* Model.swift in Sources */,
				1C27D955242904AB005E8801 /* RankingCell.swift in Sources */,
				1C361559243101BB00D51A25 /* ChallengeVC.swift in Sources */,
				1C883AFC2427CB3F003FF481 /* Extension.swift in Sources */,
				1CA223D02427EAAE00F8A674 /* KeyboardProvider.swift in Sources */,
				1C14F27C243253A5009BB5E5 /* RemoteConfigProvider.swift in Sources */,
				1CA223CC2427E15900F8A674 /* FirestoreProvider.swift in Sources */,
				1C8385E1242D4B300036B573 /* DateExtension.swift in Sources */,
				1C765DD8242A0F9C0062E412 /* AlertProvider.swift in Sources */,
				1C27D9642429182F005E8801 /* LazyAnimalCell.swift in Sources */,
				1CA223D22427EE8100F8A674 /* HealthProvider.swift in Sources */,
				1C27D9332428C8F5005E8801 /* Font.swift in Sources */,
				1C883AFA2427CAF2003FF481 /* CounterLabel.swift in Sources */,
				1C5BD740242A486B009C0A76 /* ShareView.swift in Sources */,
				1CCB59AA242BB52500174958 /* PlayerVC.swift in Sources */,
				1C27D97524296276005E8801 /* Common.swift in Sources */,
				1C27D960242914D4005E8801 /* AddFriendVC.swift in Sources */,
				1C5BD73E242A474E009C0A76 /* ScreenshotProvider.swift in Sources */,
				1C27D97824296351005E8801 /* AnimalView.swift in Sources */,
				1C361552242FF5BA00D51A25 /* TextPresenter.swift in Sources */,
				1CA223CE2427E59600F8A674 /* StoreProvider.swift in Sources */,
				1C5BD73C242A3E46009C0A76 /* BarView.swift in Sources */,
				1C3615562430ED5E00D51A25 /* RoundView.swift in Sources */,
				1CA223DB2428137C00F8A674 /* RankingVC.swift in Sources */,
				1C765DD6242A0DEB0062E412 /* UserData.swift in Sources */,
				1C765DD0242A01A50062E412 /* LazyModel.swift in Sources */,
				1C765DDA242A100A0062E412 /* ErrorHandling.swift in Sources */,
				1C7828F72427BC2600DB2CFC /* HomeVC.swift in Sources */,
				1C36154F242FB73C00D51A25 /* OnboardingVC.swift in Sources */,
				1C27D9692429319C005E8801 /* NavigationC.swift in Sources */,
				1CA223D524280C5500F8A674 /* FriendsListVC.swift in Sources */,
				1CCB59A4242BB32600174958 /* ExpandableView.swift in Sources */,
				1C27D9392428D85A005E8801 /* NibView.swift in Sources */,
			);
			runOnlyForDeploymentPostprocessing = 0;
		};
		1C7828D02427BBB600DB2CFC /* Sources */ = {
			isa = PBXSourcesBuildPhase;
			buildActionMask = 2147483647;
			files = (
				1C7828D92427BBB600DB2CFC /* StayHomeTests.swift in Sources */,
			);
			runOnlyForDeploymentPostprocessing = 0;
		};
		1C7828DB2427BBB600DB2CFC /* Sources */ = {
			isa = PBXSourcesBuildPhase;
			buildActionMask = 2147483647;
			files = (
				1C7828E42427BBB600DB2CFC /* StayHomeUITests.swift in Sources */,
			);
			runOnlyForDeploymentPostprocessing = 0;
		};
/* End PBXSourcesBuildPhase section */

/* Begin PBXTargetDependency section */
		1C7828D62427BBB600DB2CFC /* PBXTargetDependency */ = {
			isa = PBXTargetDependency;
			target = 1C7828BD2427BBB400DB2CFC /* StayHome */;
			targetProxy = 1C7828D52427BBB600DB2CFC /* PBXContainerItemProxy */;
		};
		1C7828E12427BBB600DB2CFC /* PBXTargetDependency */ = {
			isa = PBXTargetDependency;
			target = 1C7828BD2427BBB400DB2CFC /* StayHome */;
			targetProxy = 1C7828E02427BBB600DB2CFC /* PBXContainerItemProxy */;
		};
/* End PBXTargetDependency section */

/* Begin PBXVariantGroup section */
		1C7828CC2427BBB600DB2CFC /* LaunchScreen.storyboard */ = {
			isa = PBXVariantGroup;
			children = (
				1C7828CD2427BBB600DB2CFC /* Base */,
			);
			name = LaunchScreen.storyboard;
			sourceTree = "<group>";
		};
/* End PBXVariantGroup section */

/* Begin XCBuildConfiguration section */
		1C7828E62427BBB600DB2CFC /* Debug */ = {
			isa = XCBuildConfiguration;
			buildSettings = {
				ALWAYS_SEARCH_USER_PATHS = NO;
				CLANG_ANALYZER_NONNULL = YES;
				CLANG_ANALYZER_NUMBER_OBJECT_CONVERSION = YES_AGGRESSIVE;
				CLANG_CXX_LANGUAGE_STANDARD = "gnu++14";
				CLANG_CXX_LIBRARY = "libc++";
				CLANG_ENABLE_MODULES = YES;
				CLANG_ENABLE_OBJC_ARC = YES;
				CLANG_ENABLE_OBJC_WEAK = YES;
				CLANG_WARN_BLOCK_CAPTURE_AUTORELEASING = YES;
				CLANG_WARN_BOOL_CONVERSION = YES;
				CLANG_WARN_COMMA = YES;
				CLANG_WARN_CONSTANT_CONVERSION = YES;
				CLANG_WARN_DEPRECATED_OBJC_IMPLEMENTATIONS = YES;
				CLANG_WARN_DIRECT_OBJC_ISA_USAGE = YES_ERROR;
				CLANG_WARN_DOCUMENTATION_COMMENTS = YES;
				CLANG_WARN_EMPTY_BODY = YES;
				CLANG_WARN_ENUM_CONVERSION = YES;
				CLANG_WARN_INFINITE_RECURSION = YES;
				CLANG_WARN_INT_CONVERSION = YES;
				CLANG_WARN_NON_LITERAL_NULL_CONVERSION = YES;
				CLANG_WARN_OBJC_IMPLICIT_RETAIN_SELF = YES;
				CLANG_WARN_OBJC_LITERAL_CONVERSION = YES;
				CLANG_WARN_OBJC_ROOT_CLASS = YES_ERROR;
				CLANG_WARN_RANGE_LOOP_ANALYSIS = YES;
				CLANG_WARN_STRICT_PROTOTYPES = YES;
				CLANG_WARN_SUSPICIOUS_MOVE = YES;
				CLANG_WARN_UNGUARDED_AVAILABILITY = YES_AGGRESSIVE;
				CLANG_WARN_UNREACHABLE_CODE = YES;
				CLANG_WARN__DUPLICATE_METHOD_MATCH = YES;
				COPY_PHASE_STRIP = NO;
				DEBUG_INFORMATION_FORMAT = dwarf;
				ENABLE_STRICT_OBJC_MSGSEND = YES;
				ENABLE_TESTABILITY = YES;
				GCC_C_LANGUAGE_STANDARD = gnu11;
				GCC_DYNAMIC_NO_PIC = NO;
				GCC_NO_COMMON_BLOCKS = YES;
				GCC_OPTIMIZATION_LEVEL = 0;
				GCC_PREPROCESSOR_DEFINITIONS = (
					"DEBUG=1",
					"$(inherited)",
				);
				GCC_WARN_64_TO_32_BIT_CONVERSION = YES;
				GCC_WARN_ABOUT_RETURN_TYPE = YES_ERROR;
				GCC_WARN_UNDECLARED_SELECTOR = YES;
				GCC_WARN_UNINITIALIZED_AUTOS = YES_AGGRESSIVE;
				GCC_WARN_UNUSED_FUNCTION = YES;
				GCC_WARN_UNUSED_VARIABLE = YES;
				IPHONEOS_DEPLOYMENT_TARGET = 13.2;
				MTL_ENABLE_DEBUG_INFO = INCLUDE_SOURCE;
				MTL_FAST_MATH = YES;
				ONLY_ACTIVE_ARCH = YES;
				SDKROOT = iphoneos;
				SWIFT_ACTIVE_COMPILATION_CONDITIONS = DEBUG;
				SWIFT_OPTIMIZATION_LEVEL = "-Onone";
			};
			name = Debug;
		};
		1C7828E72427BBB600DB2CFC /* Release */ = {
			isa = XCBuildConfiguration;
			buildSettings = {
				ALWAYS_SEARCH_USER_PATHS = NO;
				CLANG_ANALYZER_NONNULL = YES;
				CLANG_ANALYZER_NUMBER_OBJECT_CONVERSION = YES_AGGRESSIVE;
				CLANG_CXX_LANGUAGE_STANDARD = "gnu++14";
				CLANG_CXX_LIBRARY = "libc++";
				CLANG_ENABLE_MODULES = YES;
				CLANG_ENABLE_OBJC_ARC = YES;
				CLANG_ENABLE_OBJC_WEAK = YES;
				CLANG_WARN_BLOCK_CAPTURE_AUTORELEASING = YES;
				CLANG_WARN_BOOL_CONVERSION = YES;
				CLANG_WARN_COMMA = YES;
				CLANG_WARN_CONSTANT_CONVERSION = YES;
				CLANG_WARN_DEPRECATED_OBJC_IMPLEMENTATIONS = YES;
				CLANG_WARN_DIRECT_OBJC_ISA_USAGE = YES_ERROR;
				CLANG_WARN_DOCUMENTATION_COMMENTS = YES;
				CLANG_WARN_EMPTY_BODY = YES;
				CLANG_WARN_ENUM_CONVERSION = YES;
				CLANG_WARN_INFINITE_RECURSION = YES;
				CLANG_WARN_INT_CONVERSION = YES;
				CLANG_WARN_NON_LITERAL_NULL_CONVERSION = YES;
				CLANG_WARN_OBJC_IMPLICIT_RETAIN_SELF = YES;
				CLANG_WARN_OBJC_LITERAL_CONVERSION = YES;
				CLANG_WARN_OBJC_ROOT_CLASS = YES_ERROR;
				CLANG_WARN_RANGE_LOOP_ANALYSIS = YES;
				CLANG_WARN_STRICT_PROTOTYPES = YES;
				CLANG_WARN_SUSPICIOUS_MOVE = YES;
				CLANG_WARN_UNGUARDED_AVAILABILITY = YES_AGGRESSIVE;
				CLANG_WARN_UNREACHABLE_CODE = YES;
				CLANG_WARN__DUPLICATE_METHOD_MATCH = YES;
				COPY_PHASE_STRIP = NO;
				DEBUG_INFORMATION_FORMAT = "dwarf-with-dsym";
				ENABLE_NS_ASSERTIONS = NO;
				ENABLE_STRICT_OBJC_MSGSEND = YES;
				GCC_C_LANGUAGE_STANDARD = gnu11;
				GCC_NO_COMMON_BLOCKS = YES;
				GCC_WARN_64_TO_32_BIT_CONVERSION = YES;
				GCC_WARN_ABOUT_RETURN_TYPE = YES_ERROR;
				GCC_WARN_UNDECLARED_SELECTOR = YES;
				GCC_WARN_UNINITIALIZED_AUTOS = YES_AGGRESSIVE;
				GCC_WARN_UNUSED_FUNCTION = YES;
				GCC_WARN_UNUSED_VARIABLE = YES;
				IPHONEOS_DEPLOYMENT_TARGET = 13.2;
				MTL_ENABLE_DEBUG_INFO = NO;
				MTL_FAST_MATH = YES;
				SDKROOT = iphoneos;
				SWIFT_COMPILATION_MODE = wholemodule;
				SWIFT_OPTIMIZATION_LEVEL = "-O";
				VALIDATE_PRODUCT = YES;
			};
			name = Release;
		};
		1C7828E92427BBB600DB2CFC /* Debug */ = {
			isa = XCBuildConfiguration;
			baseConfigurationReference = B10FE7D209BCE2E915576BBD /* Pods-StayHome.debug.xcconfig */;
			buildSettings = {
				ASSETCATALOG_COMPILER_APPICON_NAME = AppIcon;
				CODE_SIGN_ENTITLEMENTS = StayHome/StayHome.entitlements;
				CODE_SIGN_STYLE = Automatic;
				CURRENT_PROJECT_VERSION = 2;
				DEVELOPMENT_TEAM = L4BGB43YX2;
				INFOPLIST_FILE = StayHome/Info.plist;
				LD_RUNPATH_SEARCH_PATHS = (
					"$(inherited)",
					"@executable_path/Frameworks",
				);
				PRODUCT_BUNDLE_IDENTIFIER = EC.lazyApp;
				PRODUCT_NAME = LazyApp;
				SWIFT_VERSION = 5.0;
				TARGETED_DEVICE_FAMILY = 1;
			};
			name = Debug;
		};
		1C7828EA2427BBB600DB2CFC /* Release */ = {
			isa = XCBuildConfiguration;
			baseConfigurationReference = AFDCD789E1297D9238CAA5DC /* Pods-StayHome.release.xcconfig */;
			buildSettings = {
				ASSETCATALOG_COMPILER_APPICON_NAME = AppIcon;
				CODE_SIGN_ENTITLEMENTS = StayHome/StayHome.entitlements;
				CODE_SIGN_STYLE = Automatic;
				CURRENT_PROJECT_VERSION = 2;
				DEVELOPMENT_TEAM = L4BGB43YX2;
				INFOPLIST_FILE = StayHome/Info.plist;
				LD_RUNPATH_SEARCH_PATHS = (
					"$(inherited)",
					"@executable_path/Frameworks",
				);
				PRODUCT_BUNDLE_IDENTIFIER = EC.lazyApp;
				PRODUCT_NAME = LazyApp;
				SWIFT_VERSION = 5.0;
				TARGETED_DEVICE_FAMILY = 1;
			};
			name = Release;
		};
		1C7828EC2427BBB600DB2CFC /* Debug */ = {
			isa = XCBuildConfiguration;
			baseConfigurationReference = 03605E20500F3C2E02183D4D /* Pods-StayHomeTests.debug.xcconfig */;
			buildSettings = {
				ALWAYS_EMBED_SWIFT_STANDARD_LIBRARIES = YES;
				BUNDLE_LOADER = "$(TEST_HOST)";
				CODE_SIGN_STYLE = Automatic;
				DEVELOPMENT_TEAM = L4BGB43YX2;
				INFOPLIST_FILE = StayHomeTests/Info.plist;
				IPHONEOS_DEPLOYMENT_TARGET = 13.2;
				LD_RUNPATH_SEARCH_PATHS = (
					"$(inherited)",
					"@executable_path/Frameworks",
					"@loader_path/Frameworks",
				);
				PRODUCT_BUNDLE_IDENTIFIER = EC.StayHomeTests;
				PRODUCT_NAME = "$(TARGET_NAME)";
				SWIFT_VERSION = 5.0;
				TARGETED_DEVICE_FAMILY = "1,2";
				TEST_HOST = "$(BUILT_PRODUCTS_DIR)/StayHome.app/StayHome";
			};
			name = Debug;
		};
		1C7828ED2427BBB600DB2CFC /* Release */ = {
			isa = XCBuildConfiguration;
			baseConfigurationReference = C0CC898FD8AA893CE55E1099 /* Pods-StayHomeTests.release.xcconfig */;
			buildSettings = {
				ALWAYS_EMBED_SWIFT_STANDARD_LIBRARIES = YES;
				BUNDLE_LOADER = "$(TEST_HOST)";
				CODE_SIGN_STYLE = Automatic;
				DEVELOPMENT_TEAM = L4BGB43YX2;
				INFOPLIST_FILE = StayHomeTests/Info.plist;
				IPHONEOS_DEPLOYMENT_TARGET = 13.2;
				LD_RUNPATH_SEARCH_PATHS = (
					"$(inherited)",
					"@executable_path/Frameworks",
					"@loader_path/Frameworks",
				);
				PRODUCT_BUNDLE_IDENTIFIER = EC.StayHomeTests;
				PRODUCT_NAME = "$(TARGET_NAME)";
				SWIFT_VERSION = 5.0;
				TARGETED_DEVICE_FAMILY = "1,2";
				TEST_HOST = "$(BUILT_PRODUCTS_DIR)/StayHome.app/StayHome";
			};
			name = Release;
		};
		1C7828EF2427BBB600DB2CFC /* Debug */ = {
			isa = XCBuildConfiguration;
			baseConfigurationReference = 564017A94920CBF5879698BD /* Pods-StayHome-StayHomeUITests.debug.xcconfig */;
			buildSettings = {
				ALWAYS_EMBED_SWIFT_STANDARD_LIBRARIES = YES;
				CODE_SIGN_STYLE = Automatic;
				DEVELOPMENT_TEAM = L4BGB43YX2;
				INFOPLIST_FILE = StayHomeUITests/Info.plist;
				LD_RUNPATH_SEARCH_PATHS = (
					"$(inherited)",
					"@executable_path/Frameworks",
					"@loader_path/Frameworks",
				);
				PRODUCT_BUNDLE_IDENTIFIER = EC.StayHomeUITests;
				PRODUCT_NAME = "$(TARGET_NAME)";
				SWIFT_VERSION = 5.0;
				TARGETED_DEVICE_FAMILY = "1,2";
				TEST_TARGET_NAME = StayHome;
			};
			name = Debug;
		};
		1C7828F02427BBB600DB2CFC /* Release */ = {
			isa = XCBuildConfiguration;
			baseConfigurationReference = DFC181855C6245163CD31597 /* Pods-StayHome-StayHomeUITests.release.xcconfig */;
			buildSettings = {
				ALWAYS_EMBED_SWIFT_STANDARD_LIBRARIES = YES;
				CODE_SIGN_STYLE = Automatic;
				DEVELOPMENT_TEAM = L4BGB43YX2;
				INFOPLIST_FILE = StayHomeUITests/Info.plist;
				LD_RUNPATH_SEARCH_PATHS = (
					"$(inherited)",
					"@executable_path/Frameworks",
					"@loader_path/Frameworks",
				);
				PRODUCT_BUNDLE_IDENTIFIER = EC.StayHomeUITests;
				PRODUCT_NAME = "$(TARGET_NAME)";
				SWIFT_VERSION = 5.0;
				TARGETED_DEVICE_FAMILY = "1,2";
				TEST_TARGET_NAME = StayHome;
			};
			name = Release;
		};
/* End XCBuildConfiguration section */

/* Begin XCConfigurationList section */
		1C7828B92427BBB400DB2CFC /* Build configuration list for PBXProject "StayHome" */ = {
			isa = XCConfigurationList;
			buildConfigurations = (
				1C7828E62427BBB600DB2CFC /* Debug */,
				1C7828E72427BBB600DB2CFC /* Release */,
			);
			defaultConfigurationIsVisible = 0;
			defaultConfigurationName = Release;
		};
		1C7828E82427BBB600DB2CFC /* Build configuration list for PBXNativeTarget "StayHome" */ = {
			isa = XCConfigurationList;
			buildConfigurations = (
				1C7828E92427BBB600DB2CFC /* Debug */,
				1C7828EA2427BBB600DB2CFC /* Release */,
			);
			defaultConfigurationIsVisible = 0;
			defaultConfigurationName = Release;
		};
		1C7828EB2427BBB600DB2CFC /* Build configuration list for PBXNativeTarget "StayHomeTests" */ = {
			isa = XCConfigurationList;
			buildConfigurations = (
				1C7828EC2427BBB600DB2CFC /* Debug */,
				1C7828ED2427BBB600DB2CFC /* Release */,
			);
			defaultConfigurationIsVisible = 0;
			defaultConfigurationName = Release;
		};
		1C7828EE2427BBB600DB2CFC /* Build configuration list for PBXNativeTarget "StayHomeUITests" */ = {
			isa = XCConfigurationList;
			buildConfigurations = (
				1C7828EF2427BBB600DB2CFC /* Debug */,
				1C7828F02427BBB600DB2CFC /* Release */,
			);
			defaultConfigurationIsVisible = 0;
			defaultConfigurationName = Release;
		};
/* End XCConfigurationList section */
	};
	rootObject = 1C7828B62427BBB400DB2CFC /* Project object */;
}
